
Microsoft Visual Studio Solution File, Format Version 12.00
# Visual Studio Version 17
VisualStudioVersion = 17.4.33122.133
MinimumVisualStudioVersion = 10.0.40219.1
Project("{FAE04EC0-301F-11D3-BF4B-00C04F79EFBC}") = "TextSearch", "TextSearch.csproj", "{74AC9746-C630-4283-8876-9104F67AF567}"
EndProject
Global
	GlobalSection(SolutionConfigurationPlatforms) = preSolution
		Debug|Any CPU = Debug|Any CPU
		Release|Any CPU = Release|Any CPU
	EndGlobalSection
	GlobalSection(ProjectConfigurationPlatforms) = postSolution
		{74AC9746-C630-4283-8876-9104F67AF567}.Debug|Any CPU.ActiveCfg = Debug|Any CPU
		{74AC9746-C630-4283-8876-9104F67AF567}.Debug|Any CPU.Build.0 = Debug|Any CPU
		{74AC9746-C630-4283-8876-9104F67AF567}.Release|Any CPU.ActiveCfg = Release|Any CPU
		{74AC9746-C630-4283-8876-9104F67AF567}.Release|Any CPU.Build.0 = Release|Any CPU
	EndGlobalSection
	GlobalSection(SolutionProperties) = preSolution
		HideSolutionNode = FALSE
	EndGlobalSection
	GlobalSection(ExtensibilityGlobals) = postSolution
		SolutionGuid = {EB2ECE06-EC76-447B-8862-656CC30ADDBB}
	EndGlobalSection
EndGlobal
